
Microsoft Visual Studio Solution File, Format Version 12.00
# Visual Studio Version 17
VisualStudioVersion = 17.5.002.0
MinimumVisualStudioVersion = 10.0.40219.1
Project("{9A19103F-16F7-4668-BE54-9A1E7A4F7556}") = "BookStore", "BookStore.csproj", "{FCA2A49C-65CC-44D3-B5AB-12D0A929F9D0}"
EndProject
Global
	GlobalSection(SolutionConfigurationPlatforms) = preSolution
		Debug|Any CPU = Debug|Any CPU
		Release|Any CPU = Release|Any CPU
	EndGlobalSection
	GlobalSection(ProjectConfigurationPlatforms) = postSolution
		{FCA2A49C-65CC-44D3-B5AB-12D0A929F9D0}.Debug|Any CPU.ActiveCfg = Debug|Any CPU
		{FCA2A49C-65CC-44D3-B5AB-12D0A929F9D0}.Debug|Any CPU.Build.0 = Debug|Any CPU
		{FCA2A49C-65CC-44D3-B5AB-12D0A929F9D0}.Release|Any CPU.ActiveCfg = Release|Any CPU
		{FCA2A49C-65CC-44D3-B5AB-12D0A929F9D0}.Release|Any CPU.Build.0 = Release|Any CPU
	EndGlobalSection
	GlobalSection(SolutionProperties) = preSolution
		HideSolutionNode = FALSE
	EndGlobalSection
	GlobalSection(ExtensibilityGlobals) = postSolution
		SolutionGuid = {D0C1F714-73E3-4D56-8A37-788980A5142C}
	EndGlobalSection
EndGlobal
